
Microsoft Visual Studio Solution File, Format Version 12.00
# Visual Studio Version 17
VisualStudioVersion = 17.12.35527.113 d17.12
MinimumVisualStudioVersion = 10.0.40219.1
Project("{FAE04EC0-301F-11D3-BF4B-00C04F79EFBC}") = "Cars.Console", "Cars.Console\Cars.Console.csproj", "{5B1D121B-E68A-494C-94D3-DB6C202C8E2B}"
EndProject
Project("{FAE04EC0-301F-11D3-BF4B-00C04F79EFBC}") = "Cars.Database", "Cars.Database\Cars.Database.csproj", "{A2414A07-E824-407A-AC05-DA9546BB762E}"
EndProject
Global
	GlobalSection(SolutionConfigurationPlatforms) = preSolution
		Debug|Any CPU = Debug|Any CPU
		Release|Any CPU = Release|Any CPU
	EndGlobalSection
	GlobalSection(ProjectConfigurationPlatforms) = postSolution
		{5B1D121B-E68A-494C-94D3-DB6C202C8E2B}.Debug|Any CPU.ActiveCfg = Debug|Any CPU
		{5B1D121B-E68A-494C-94D3-DB6C202C8E2B}.Debug|Any CPU.Build.0 = Debug|Any CPU
		{5B1D121B-E68A-494C-94D3-DB6C202C8E2B}.Release|Any CPU.ActiveCfg = Release|Any CPU
		{5B1D121B-E68A-494C-94D3-DB6C202C8E2B}.Release|Any CPU.Build.0 = Release|Any CPU
		{A2414A07-E824-407A-AC05-DA9546BB762E}.Debug|Any CPU.ActiveCfg = Debug|Any CPU
		{A2414A07-E824-407A-AC05-DA9546BB762E}.Debug|Any CPU.Build.0 = Debug|Any CPU
		{A2414A07-E824-407A-AC05-DA9546BB762E}.Release|Any CPU.ActiveCfg = Release|Any CPU
		{A2414A07-E824-407A-AC05-DA9546BB762E}.Release|Any CPU.Build.0 = Release|Any CPU
	EndGlobalSection
	GlobalSection(SolutionProperties) = preSolution
		HideSolutionNode = FALSE
	EndGlobalSection
EndGlobal
